
Microsoft Visual Studio Solution File, Format Version 12.00
Project("{FAE04EC0-301F-11D3-BF4B-00C04F79EFBC}") = "SocialMediaAspire.Tests", "SocialMediaAspire.Tests\SocialMediaAspire.Tests.csproj", "{7D5C4FED-22E3-43F6-B527-63D27DB14C05}"
EndProject
Project("{FAE04EC0-301F-11D3-BF4B-00C04F79EFBC}") = "SocialMediaAspire.ServiceDefaults", "SocialMediaAspire.ServiceDefaults\SocialMediaAspire.ServiceDefaults.csproj", "{B643D4D0-100C-4381-B28F-BAEB61D71360}"
EndProject
Project("{FAE04EC0-301F-11D3-BF4B-00C04F79EFBC}") = "SocialMedia.API", "SocialMedia.API\SocialMedia.API.csproj", "{C2776635-5634-4B28-91D5-C2C297CB79C7}"
EndProject
Project("{FAE04EC0-301F-11D3-BF4B-00C04F79EFBC}") = "SocialMediaAspire.AppHost", "SocialMediaAspire.AppHost\SocialMediaAspire.AppHost.csproj", "{C57D899A-C606-4DC9-9304-61CA975212B2}"
EndProject
Project("{FAE04EC0-301F-11D3-BF4B-00C04F79EFBC}") = "SocialMediaAspire.Domain", "SocialMediaAspire.Domain\SocialMediaAspire.Domain.csproj", "{4006905A-3405-4F5E-A027-E7835378F8FA}"
EndProject
Project("{FAE04EC0-301F-11D3-BF4B-00C04F79EFBC}") = "SocialMediaAspire.Infrastructure", "SocialMediaAspire.Infrastructure\SocialMediaAspire.Infrastructure.csproj", "{267C7714-F2D5-45D2-8AE5-307A17F547A1}"
EndProject
Global
	GlobalSection(SolutionConfigurationPlatforms) = preSolution
		Debug|Any CPU = Debug|Any CPU
		Release|Any CPU = Release|Any CPU
	EndGlobalSection
	GlobalSection(ProjectConfigurationPlatforms) = postSolution
		{7D5C4FED-22E3-43F6-B527-63D27DB14C05}.Debug|Any CPU.ActiveCfg = Debug|Any CPU
		{7D5C4FED-22E3-43F6-B527-63D27DB14C05}.Debug|Any CPU.Build.0 = Debug|Any CPU
		{7D5C4FED-22E3-43F6-B527-63D27DB14C05}.Release|Any CPU.ActiveCfg = Release|Any CPU
		{7D5C4FED-22E3-43F6-B527-63D27DB14C05}.Release|Any CPU.Build.0 = Release|Any CPU
		{B643D4D0-100C-4381-B28F-BAEB61D71360}.Debug|Any CPU.ActiveCfg = Debug|Any CPU
		{B643D4D0-100C-4381-B28F-BAEB61D71360}.Debug|Any CPU.Build.0 = Debug|Any CPU
		{B643D4D0-100C-4381-B28F-BAEB61D71360}.Release|Any CPU.ActiveCfg = Release|Any CPU
		{B643D4D0-100C-4381-B28F-BAEB61D71360}.Release|Any CPU.Build.0 = Release|Any CPU
		{C2776635-5634-4B28-91D5-C2C297CB79C7}.Debug|Any CPU.ActiveCfg = Debug|Any CPU
		{C2776635-5634-4B28-91D5-C2C297CB79C7}.Debug|Any CPU.Build.0 = Debug|Any CPU
		{C2776635-5634-4B28-91D5-C2C297CB79C7}.Release|Any CPU.ActiveCfg = Release|Any CPU
		{C2776635-5634-4B28-91D5-C2C297CB79C7}.Release|Any CPU.Build.0 = Release|Any CPU
		{C57D899A-C606-4DC9-9304-61CA975212B2}.Debug|Any CPU.ActiveCfg = Debug|Any CPU
		{C57D899A-C606-4DC9-9304-61CA975212B2}.Debug|Any CPU.Build.0 = Debug|Any CPU
		{C57D899A-C606-4DC9-9304-61CA975212B2}.Release|Any CPU.ActiveCfg = Release|Any CPU
		{C57D899A-C606-4DC9-9304-61CA975212B2}.Release|Any CPU.Build.0 = Release|Any CPU
		{4006905A-3405-4F5E-A027-E7835378F8FA}.Debug|Any CPU.ActiveCfg = Debug|Any CPU
		{4006905A-3405-4F5E-A027-E7835378F8FA}.Debug|Any CPU.Build.0 = Debug|Any CPU
		{4006905A-3405-4F5E-A027-E7835378F8FA}.Release|Any CPU.ActiveCfg = Release|Any CPU
		{4006905A-3405-4F5E-A027-E7835378F8FA}.Release|Any CPU.Build.0 = Release|Any CPU
		{267C7714-F2D5-45D2-8AE5-307A17F547A1}.Debug|Any CPU.ActiveCfg = Debug|Any CPU
		{267C7714-F2D5-45D2-8AE5-307A17F547A1}.Debug|Any CPU.Build.0 = Debug|Any CPU
		{267C7714-F2D5-45D2-8AE5-307A17F547A1}.Release|Any CPU.ActiveCfg = Release|Any CPU
		{267C7714-F2D5-45D2-8AE5-307A17F547A1}.Release|Any CPU.Build.0 = Release|Any CPU
	EndGlobalSection
EndGlobal
